
Microsoft Visual Studio Solution File, Format Version 12.00
# Visual Studio Version 16
VisualStudioVersion = 16.0.31702.278
MinimumVisualStudioVersion = 10.0.40219.1
Project("{8BC9CEB8-8B4A-11D0-8D11-00A0C91BC942}") = "lab8.1iter", "lab8.1iter.vcxproj", "{FC637EC5-23BD-4454-9AC4-31C642ED2889}"
EndProject
Project("{8BC9CEB8-8B4A-11D0-8D11-00A0C91BC942}") = "UnitTest15", "..\UnitTest15\UnitTest15.vcxproj", "{BA6FBCFE-B2BE-411B-B139-192F25338B12}"
EndProject
Global
	GlobalSection(SolutionConfigurationPlatforms) = preSolution
		Debug|x64 = Debug|x64
		Debug|x86 = Debug|x86
		Release|x64 = Release|x64
		Release|x86 = Release|x86
	EndGlobalSection
	GlobalSection(ProjectConfigurationPlatforms) = postSolution
		{FC637EC5-23BD-4454-9AC4-31C642ED2889}.Debug|x64.ActiveCfg = Debug|x64
		{FC637EC5-23BD-4454-9AC4-31C642ED2889}.Debug|x64.Build.0 = Debug|x64
		{FC637EC5-23BD-4454-9AC4-31C642ED2889}.Debug|x86.ActiveCfg = Debug|Win32
		{FC637EC5-23BD-4454-9AC4-31C642ED2889}.Debug|x86.Build.0 = Debug|Win32
		{FC637EC5-23BD-4454-9AC4-31C642ED2889}.Release|x64.ActiveCfg = Release|x64
		{FC637EC5-23BD-4454-9AC4-31C642ED2889}.Release|x64.Build.0 = Release|x64
		{FC637EC5-23BD-4454-9AC4-31C642ED2889}.Release|x86.ActiveCfg = Release|Win32
		{FC637EC5-23BD-4454-9AC4-31C642ED2889}.Release|x86.Build.0 = Release|Win32
		{BA6FBCFE-B2BE-411B-B139-192F25338B12}.Debug|x64.ActiveCfg = Debug|x64
		{BA6FBCFE-B2BE-411B-B139-192F25338B12}.Debug|x64.Build.0 = Debug|x64
		{BA6FBCFE-B2BE-411B-B139-192F25338B12}.Debug|x86.ActiveCfg = Debug|Win32
		{BA6FBCFE-B2BE-411B-B139-192F25338B12}.Debug|x86.Build.0 = Debug|Win32
		{BA6FBCFE-B2BE-411B-B139-192F25338B12}.Release|x64.ActiveCfg = Release|x64
		{BA6FBCFE-B2BE-411B-B139-192F25338B12}.Release|x64.Build.0 = Release|x64
		{BA6FBCFE-B2BE-411B-B139-192F25338B12}.Release|x86.ActiveCfg = Release|Win32
		{BA6FBCFE-B2BE-411B-B139-192F25338B12}.Release|x86.Build.0 = Release|Win32
	EndGlobalSection
	GlobalSection(SolutionProperties) = preSolution
		HideSolutionNode = FALSE
	EndGlobalSection
	GlobalSection(ExtensibilityGlobals) = postSolution
		SolutionGuid = {02552D47-7842-4EAF-9CFF-1FC4A7026AE9}
	EndGlobalSection
EndGlobal
